
Microsoft Visual Studio Solution File, Format Version 12.00
# Visual Studio 15
VisualStudioVersion = 15.0.28307.438
MinimumVisualStudioVersion = 10.0.40219.1
Project("{888888A0-9F3D-457C-B088-3A5042F75D52}") = "PyQt5快速开发与实践", "PythonApplication1\PyQt5快速开发与实践.pyproj", "{BABB6D55-C60B-480A-8BE7-C9282C42C497}"
EndProject
Global
	GlobalSection(SolutionConfigurationPlatforms) = preSolution
		Debug|Any CPU = Debug|Any CPU
		Release|Any CPU = Release|Any CPU
	EndGlobalSection
	GlobalSection(ProjectConfigurationPlatforms) = postSolution
		{BABB6D55-C60B-480A-8BE7-C9282C42C497}.Debug|Any CPU.ActiveCfg = Debug|Any CPU
		{BABB6D55-C60B-480A-8BE7-C9282C42C497}.Release|Any CPU.ActiveCfg = Release|Any CPU
	EndGlobalSection
	GlobalSection(SolutionProperties) = preSolution
		HideSolutionNode = FALSE
	EndGlobalSection
	GlobalSection(ExtensibilityGlobals) = postSolution
		SolutionGuid = {6D53D018-F3F6-4739-930E-3BF8329E9F1D}
	EndGlobalSection
EndGlobal
